
Microsoft Visual Studio Solution File, Format Version 12.00
# Visual Studio Version 17
VisualStudioVersion = 17.14.36511.14 d17.14
MinimumVisualStudioVersion = 10.0.40219.1
Project("{FAE04EC0-301F-11D3-BF4B-00C04F79EFBC}") = "testmvc", "testmvc.csproj", "{A9608D83-15B7-4040-B139-9C636EAD74C0}"
EndProject
Global
	GlobalSection(SolutionConfigurationPlatforms) = preSolution
		Debug|Any CPU = Debug|Any CPU
		Release|Any CPU = Release|Any CPU
	EndGlobalSection
	GlobalSection(ProjectConfigurationPlatforms) = postSolution
		{A9608D83-15B7-4040-B139-9C636EAD74C0}.Debug|Any CPU.ActiveCfg = Debug|Any CPU
		{A9608D83-15B7-4040-B139-9C636EAD74C0}.Debug|Any CPU.Build.0 = Debug|Any CPU
		{A9608D83-15B7-4040-B139-9C636EAD74C0}.Release|Any CPU.ActiveCfg = Release|Any CPU
		{A9608D83-15B7-4040-B139-9C636EAD74C0}.Release|Any CPU.Build.0 = Release|Any CPU
	EndGlobalSection
	GlobalSection(SolutionProperties) = preSolution
		HideSolutionNode = FALSE
	EndGlobalSection
	GlobalSection(ExtensibilityGlobals) = postSolution
		SolutionGuid = {79F92154-2DD2-4028-BF5B-1388623C4981}
	EndGlobalSection
EndGlobal
