
Microsoft Visual Studio Solution File, Format Version 12.00
# Visual Studio Version 17
VisualStudioVersion = 17.14.36511.14 d17.14
MinimumVisualStudioVersion = 10.0.40219.1
Project("{FAE04EC0-301F-11D3-BF4B-00C04F79EFBC}") = "NguyenDucThach_231230898_de02", "NguyenDucThach_231230898_de02.csproj", "{4EFD73A7-46F9-4F63-85CE-F6A47C91DC4B}"
EndProject
Global
	GlobalSection(SolutionConfigurationPlatforms) = preSolution
		Debug|Any CPU = Debug|Any CPU
		Release|Any CPU = Release|Any CPU
	EndGlobalSection
	GlobalSection(ProjectConfigurationPlatforms) = postSolution
		{4EFD73A7-46F9-4F63-85CE-F6A47C91DC4B}.Debug|Any CPU.ActiveCfg = Debug|Any CPU
		{4EFD73A7-46F9-4F63-85CE-F6A47C91DC4B}.Debug|Any CPU.Build.0 = Debug|Any CPU
		{4EFD73A7-46F9-4F63-85CE-F6A47C91DC4B}.Release|Any CPU.ActiveCfg = Release|Any CPU
		{4EFD73A7-46F9-4F63-85CE-F6A47C91DC4B}.Release|Any CPU.Build.0 = Release|Any CPU
	EndGlobalSection
	GlobalSection(SolutionProperties) = preSolution
		HideSolutionNode = FALSE
	EndGlobalSection
	GlobalSection(ExtensibilityGlobals) = postSolution
		SolutionGuid = {30BD256F-F912-441C-8E78-7F929A4B4D5C}
	EndGlobalSection
EndGlobal
